
Microsoft Visual Studio Solution File, Format Version 12.00
# Visual Studio Version 17
VisualStudioVersion = 17.9.34728.123
MinimumVisualStudioVersion = 10.0.40219.1
Project("{FAE04EC0-301F-11D3-BF4B-00C04F79EFBC}") = "Sprint3Rewiew", "Sprint3Rewiew\Sprint3Rewiew.csproj", "{3889D804-E94A-4F31-AC74-7D3C29D62CDE}"
EndProject
Global
	GlobalSection(SolutionConfigurationPlatforms) = preSolution
		Debug|Any CPU = Debug|Any CPU
		Release|Any CPU = Release|Any CPU
	EndGlobalSection
	GlobalSection(ProjectConfigurationPlatforms) = postSolution
		{3889D804-E94A-4F31-AC74-7D3C29D62CDE}.Debug|Any CPU.ActiveCfg = Debug|Any CPU
		{3889D804-E94A-4F31-AC74-7D3C29D62CDE}.Debug|Any CPU.Build.0 = Debug|Any CPU
		{3889D804-E94A-4F31-AC74-7D3C29D62CDE}.Release|Any CPU.ActiveCfg = Release|Any CPU
		{3889D804-E94A-4F31-AC74-7D3C29D62CDE}.Release|Any CPU.Build.0 = Release|Any CPU
	EndGlobalSection
	GlobalSection(SolutionProperties) = preSolution
		HideSolutionNode = FALSE
	EndGlobalSection
	GlobalSection(ExtensibilityGlobals) = postSolution
		SolutionGuid = {E8817B5D-14FC-4E34-B53C-18E34F2EA033}
	EndGlobalSection
EndGlobal
